{
  "name": "editplus",
  "version": "0.1.0",
  "lockfileVersion": 3,
  "requires": true,
  "packages": {
    "": {
      "name": "editplus",
      "version": "0.1.0",
      "dependencies": {
        "@kreuzberg/tree-sitter-language-pack": "^1.6.2"
      }
    },
    "node_modules/@kreuzberg/tree-sitter-language-pack": {
      "version": "1.6.2",
      "resolved": "https://registry.npmjs.org/@kreuzberg/tree-sitter-language-pack/-/tree-sitter-language-pack-1.6.2.tgz",
      "integrity": "sha512-fvdXInOPoqFXgtpLGgaSaStCEEv07VzqnL3COFgfuc+HqlyMguU//y+URCJAHHj9EvrQPySEW+k8bXVQPECTnw==",
      "license": "MIT",
      "engines": {
        "node": ">= 16"
      }
    }
  }
}
